
Microsoft Visual Studio Solution File, Format Version 12.00
# Visual Studio Version 17
VisualStudioVersion = 17.2.32602.215
MinimumVisualStudioVersion = 10.0.40219.1
Project("{FAE04EC0-301F-11D3-BF4B-00C04F79EFBC}") = "1.SumMatrixElements", "1.SumMatrixElements\1.SumMatrixElements.csproj", "{D7FFB2A8-EA8C-4CDE-B648-4D0C8CF6571E}"
EndProject
Project("{FAE04EC0-301F-11D3-BF4B-00C04F79EFBC}") = "2.SumMatrixColumns", "2.SumMatrixColumns\2.SumMatrixColumns.csproj", "{BEAD4918-5FF3-462B-8C77-A65C83907B55}"
EndProject
Project("{FAE04EC0-301F-11D3-BF4B-00C04F79EFBC}") = "3.PrimaryDiagonal", "3.PrimaryDiagonal\3.PrimaryDiagonal.csproj", "{057B5E02-617F-4F51-ADEB-17105CF5787E}"
EndProject
Project("{FAE04EC0-301F-11D3-BF4B-00C04F79EFBC}") = "4.SymbolInMatrix", "4.SymbolInMatrix\4.SymbolInMatrix.csproj", "{D6CA27AE-DF21-47ED-A77D-DBD64D72FD9A}"
EndProject
Global
	GlobalSection(SolutionConfigurationPlatforms) = preSolution
		Debug|Any CPU = Debug|Any CPU
		Release|Any CPU = Release|Any CPU
	EndGlobalSection
	GlobalSection(ProjectConfigurationPlatforms) = postSolution
		{D7FFB2A8-EA8C-4CDE-B648-4D0C8CF6571E}.Debug|Any CPU.ActiveCfg = Debug|Any CPU
		{D7FFB2A8-EA8C-4CDE-B648-4D0C8CF6571E}.Debug|Any CPU.Build.0 = Debug|Any CPU
		{D7FFB2A8-EA8C-4CDE-B648-4D0C8CF6571E}.Release|Any CPU.ActiveCfg = Release|Any CPU
		{D7FFB2A8-EA8C-4CDE-B648-4D0C8CF6571E}.Release|Any CPU.Build.0 = Release|Any CPU
		{BEAD4918-5FF3-462B-8C77-A65C83907B55}.Debug|Any CPU.ActiveCfg = Debug|Any CPU
		{BEAD4918-5FF3-462B-8C77-A65C83907B55}.Debug|Any CPU.Build.0 = Debug|Any CPU
		{BEAD4918-5FF3-462B-8C77-A65C83907B55}.Release|Any CPU.ActiveCfg = Release|Any CPU
		{BEAD4918-5FF3-462B-8C77-A65C83907B55}.Release|Any CPU.Build.0 = Release|Any CPU
		{057B5E02-617F-4F51-ADEB-17105CF5787E}.Debug|Any CPU.ActiveCfg = Debug|Any CPU
		{057B5E02-617F-4F51-ADEB-17105CF5787E}.Debug|Any CPU.Build.0 = Debug|Any CPU
		{057B5E02-617F-4F51-ADEB-17105CF5787E}.Release|Any CPU.ActiveCfg = Release|Any CPU
		{057B5E02-617F-4F51-ADEB-17105CF5787E}.Release|Any CPU.Build.0 = Release|Any CPU
		{D6CA27AE-DF21-47ED-A77D-DBD64D72FD9A}.Debug|Any CPU.ActiveCfg = Debug|Any CPU
		{D6CA27AE-DF21-47ED-A77D-DBD64D72FD9A}.Debug|Any CPU.Build.0 = Debug|Any CPU
		{D6CA27AE-DF21-47ED-A77D-DBD64D72FD9A}.Release|Any CPU.ActiveCfg = Release|Any CPU
		{D6CA27AE-DF21-47ED-A77D-DBD64D72FD9A}.Release|Any CPU.Build.0 = Release|Any CPU
	EndGlobalSection
	GlobalSection(SolutionProperties) = preSolution
		HideSolutionNode = FALSE
	EndGlobalSection
	GlobalSection(ExtensibilityGlobals) = postSolution
		SolutionGuid = {14B2C776-2951-48FA-AB2E-95E843EFC567}
	EndGlobalSection
EndGlobal
